# This file is automatically @generated by Poetry 1.5.1 and should not be changed by hand.

[[package]]
name = "duckdb"
version = "0.10.0"
description = "DuckDB in-process database"
optional = false
python-versions = ">=3.7.0"
files = [
    {file = "duckdb-0.10.0-cp310-cp310-macosx_10_9_universal2.whl", hash = "sha256:bd0ffb3fddef0f72a150e4d76e10942a84a1a0447d10907df1621b90d6668060"},
    {file = "duckdb-0.10.0-cp310-cp310-macosx_10_9_x86_64.whl", hash = "sha256:f3d709d5c7c1a12b5e10d0b05fa916c670cd2b50178e3696faa0cc16048a1745"},
    {file = "duckdb-0.10.0-cp310-cp310-macosx_11_0_arm64.whl", hash = "sha256:9114aa22ec5d591a20ce5184be90f49d8e5b5348ceaab21e102c54560d07a5f8"},
    {file = "duckdb-0.10.0-cp310-cp310-manylinux_2_17_aarch64.manylinux2014_aarch64.whl", hash = "sha256:77a37877efadf39caf7cadde0f430fedf762751b9c54750c821e2f1316705a21"},
    {file = "duckdb-0.10.0-cp310-cp310-manylinux_2_17_x86_64.manylinux2014_x86_64.whl", hash = "sha256:87cbc9e1d9c3fc9f14307bea757f99f15f46843c0ab13a6061354410824ed41f"},
    {file = "duckdb-0.10.0-cp310-cp310-manylinux_2_24_aarch64.manylinux_2_28_aarch64.whl", hash = "sha256:f0bfec79fed387201550517d325dff4fad2705020bc139d936cab08b9e845662"},
    {file = "duckdb-0.10.0-cp310-cp310-musllinux_1_1_x86_64.whl", hash = "sha256:c5622134d2d9796b15e09de810e450859d4beb46d9b861357ec9ae40a61b775c"},
    {file = "duckdb-0.10.0-cp310-cp310-win_amd64.whl", hash = "sha256:089ee8e831ccaef1b73fc89c43b661567175eed0115454880bafed5e35cda702"},
    {file = "duckdb-0.10.0-cp311-cp311-macosx_10_9_universal2.whl", hash = "sha256:a05af63747f1d7021995f0811c333dee7316cec3b06c0d3e4741b9bdb678dd21"},
    {file = "duckdb-0.10.0-cp311-cp311-macosx_10_9_x86_64.whl", hash = "sha256:072d6eba5d8a59e0069a8b5b4252fed8a21f9fe3f85a9129d186a39b3d0aea03"},
    {file = "duckdb-0.10.0-cp311-cp311-macosx_11_0_arm64.whl", hash = "sha256:a77b85668f59b919042832e4659538337f1c7f197123076c5311f1c9cf077df7"},
    {file = "duckdb-0.10.0-cp311-cp311-manylinux_2_17_aarch64.manylinux2014_aarch64.whl", hash = "sha256:96a666f1d2da65d03199a977aec246920920a5ea1da76b70ae02bd4fb1ffc48c"},
    {file = "duckdb-0.10.0-cp311-cp311-manylinux_2_17_x86_64.manylinux2014_x86_64.whl", hash = "sha256:2ec76a4262b783628d26612d184834852d9c92fb203e91af789100c17e3d7173"},
    {file = "duckdb-0.10.0-cp311-cp311-manylinux_2_24_aarch64.manylinux_2_28_aarch64.whl", hash = "sha256:009dd9d2cdbd3b061a9efbdfc79f2d1a8377bcf49f1e5f430138621f8c083a6c"},
    {file = "duckdb-0.10.0-cp311-cp311-musllinux_1_1_x86_64.whl", hash = "sha256:878f06766088090dad4a2e5ee0081555242b2e8dcb29415ecc97e388cf0cf8d8"},
    {file = "duckdb-0.10.0-cp311-cp311-win_amd64.whl", hash = "sha256:713ff0a1fb63a6d60f454acf67f31656549fb5d63f21ac68314e4f522daa1a89"},
    {file = "duckdb-0.10.0-cp312-cp312-macosx_10_9_universal2.whl", hash = "sha256:9c0ee450dfedfb52dd4957244e31820feef17228da31af6d052979450a80fd19"},
    {file = "duckdb-0.10.0-cp312-cp312-macosx_10_9_x86_64.whl", hash = "sha256:ff79b2ea9994398b545c0d10601cd73565fbd09f8951b3d8003c7c5c0cebc7cb"},
    {file = "duckdb-0.10.0-cp312-cp312-macosx_11_0_arm64.whl", hash = "sha256:6bdf1aa71b924ef651062e6b8ff9981ad85bec89598294af8a072062c5717340"},
    {file = "duckdb-0.10.0-cp312-cp312-manylinux_2_17_aarch64.manylinux2014_aarch64.whl", hash = "sha256:d0265bbc8216be3ced7b377ba8847128a3fc0ef99798a3c4557c1b88e3a01c23"},
    {file = "duckdb-0.10.0-cp312-cp312-manylinux_2_17_x86_64.manylinux2014_x86_64.whl", hash = "sha256:1d418a315a07707a693bd985274c0f8c4dd77015d9ef5d8d3da4cc1942fd82e0"},
    {file = "duckdb-0.10.0-cp312-cp312-manylinux_2_24_aarch64.manylinux_2_28_aarch64.whl", hash = "sha256:2828475a292e68c71855190b818aded6bce7328f79e38c04a0c75f8f1c0ceef0"},
    {file = "duckdb-0.10.0-cp312-cp312-musllinux_1_1_x86_64.whl", hash = "sha256:c3aaeaae2eba97035c65f31ffdb18202c951337bf2b3d53d77ce1da8ae2ecf51"},
    {file = "duckdb-0.10.0-cp312-cp312-win_amd64.whl", hash = "sha256:c51790aaaea97d8e4a58a114c371ed8d2c4e1ca7cbf29e3bdab6d8ccfc5afc1e"},
    {file = "duckdb-0.10.0-cp37-cp37m-macosx_10_9_x86_64.whl", hash = "sha256:8af1ae7cc77a12206b6c47ade191882cc8f49f750bb3e72bb86ac1d4fa89926a"},
    {file = "duckdb-0.10.0-cp37-cp37m-manylinux_2_17_aarch64.manylinux2014_aarch64.whl", hash = "sha256:aa4f7e8e8dc0e376aeb280b83f2584d0e25ec38985c27d19f3107b2edc4f4a97"},
    {file = "duckdb-0.10.0-cp37-cp37m-manylinux_2_17_x86_64.manylinux2014_x86_64.whl", hash = "sha256:28ae942a79fad913defa912b56483cd7827a4e7721f4ce4bc9025b746ecb3c89"},
    {file = "duckdb-0.10.0-cp37-cp37m-manylinux_2_24_aarch64.manylinux_2_28_aarch64.whl", hash = "sha256:01b57802898091455ca2a32c1335aac1e398da77c99e8a96a1e5de09f6a0add9"},
    {file = "duckdb-0.10.0-cp37-cp37m-musllinux_1_1_x86_64.whl", hash = "sha256:52e1ad4a55fa153d320c367046b9500578192e01c6d04308ba8b540441736f2c"},
    {file = "duckdb-0.10.0-cp37-cp37m-win_amd64.whl", hash = "sha256:904c47d04095af745e989c853f0bfc0776913dfc40dfbd2da7afdbbb5f67fed0"},
    {file = "duckdb-0.10.0-cp38-cp38-macosx_10_9_universal2.whl", hash = "sha256:184ae7ea5874f3b8fa51ab0f1519bdd088a0b78c32080ee272b1d137e2c8fd9c"},
    {file = "duckdb-0.10.0-cp38-cp38-macosx_10_9_x86_64.whl", hash = "sha256:bd33982ecc9bac727a032d6cedced9f19033cbad56647147408891eb51a6cb37"},
    {file = "duckdb-0.10.0-cp38-cp38-macosx_11_0_arm64.whl", hash = "sha256:f59bf0949899105dd5f8864cb48139bfb78454a8c017b8258ba2b5e90acf7afc"},
    {file = "duckdb-0.10.0-cp38-cp38-manylinux_2_17_aarch64.manylinux2014_aarch64.whl", hash = "sha256:395f3b18948001e35dceb48a4423d574e38656606d033eef375408b539e7b076"},
    {file = "duckdb-0.10.0-cp38-cp38-manylinux_2_17_x86_64.manylinux2014_x86_64.whl", hash = "sha256:9b8eb2b803be7ee1df70435c33b03a4598cdaf676cd67ad782b288dcff65d781"},
    {file = "duckdb-0.10.0-cp38-cp38-manylinux_2_24_aarch64.manylinux_2_28_aarch64.whl", hash = "sha256:31b2ddd331801064326c8e3587a4db8a31d02aef11332c168f45b3bd92effb41"},
    {file = "duckdb-0.10.0-cp38-cp38-musllinux_1_1_x86_64.whl", hash = "sha256:c8b89e76a041424b8c2026c5dc1f74b53fbbc6c6f650d563259885ab2e7d093d"},
    {file = "duckdb-0.10.0-cp38-cp38-win_amd64.whl", hash = "sha256:79084a82f16c0a54f6bfb7ded5600400c2daa90eb0d83337d81a56924eaee5d4"},
    {file = "duckdb-0.10.0-cp39-cp39-macosx_10_9_universal2.whl", hash = "sha256:79799b3a270dcd9070f677ba510f1e66b112df3068425691bac97c5e278929c7"},
    {file = "duckdb-0.10.0-cp39-cp39-macosx_10_9_x86_64.whl", hash = "sha256:e8fc394bfe3434920cdbcfbdd0ac3ba40902faa1dbda088db0ba44003a45318a"},
    {file = "duckdb-0.10.0-cp39-cp39-macosx_11_0_arm64.whl", hash = "sha256:c116605551b4abf5786243a59bcef02bd69cc51837d0c57cafaa68cdc428aa0c"},
    {file = "duckdb-0.10.0-cp39-cp39-manylinux_2_17_aarch64.manylinux2014_aarch64.whl", hash = "sha256:3191170c3b0a43b0c12644800326f5afdea00d5a4621d59dbbd0c1059139e140"},
    {file = "duckdb-0.10.0-cp39-cp39-manylinux_2_17_x86_64.manylinux2014_x86_64.whl", hash = "sha256:fee69a50eb93c72dc77e7ab1fabe0c38d21a52c5da44a86aa217081e38f9f1bd"},
    {file = "duckdb-0.10.0-cp39-cp39-manylinux_2_24_aarch64.manylinux_2_28_aarch64.whl", hash = "sha256:c5f449e87dacb16b0d145dbe65fa6fdb5a55b2b6911a46d74876e445dd395bac"},
    {file = "duckdb-0.10.0-cp39-cp39-musllinux_1_1_x86_64.whl", hash = "sha256:4487d0df221b17ea4177ad08131bc606b35f25cfadf890987833055b9d10cdf6"},
    {file = "duckdb-0.10.0-cp39-cp39-win_amd64.whl", hash = "sha256:c099ae2ff8fe939fda62da81704f91e2f92ac45e48dc0e37c679c9d243d01e65"},
    {file = "duckdb-0.10.0.tar.gz", hash = "sha256:c02bcc128002aa79e3c9d89b9de25e062d1096a8793bc0d7932317b7977f6845"},
]

[[package]]
name = "polars"
version = "0.20.3"
description = "Blazingly fast DataFrame library"
optional = false
python-versions = ">=3.8"
files = [
    {file = "polars-0.20.3-cp38-abi3-macosx_10_12_x86_64.whl", hash = "sha256:ff5ad360f5fab35cbc608eccaea583e387fe4e629f44d4ebfa752dc79502d3f5"},
    {file = "polars-0.20.3-cp38-abi3-macosx_11_0_arm64.whl", hash = "sha256:6450d62becd40175661c5143c4e967d89e46104771aded951d1f0faadc63709e"},
    {file = "polars-0.20.3-cp38-abi3-manylinux_2_17_x86_64.manylinux2014_x86_64.whl", hash = "sha256:c89848562e3176d0e7bc517d1761c6fb5a9fca57ca2950cb58d3d001958dc285"},
    {file = "polars-0.20.3-cp38-abi3-manylinux_2_24_aarch64.whl", hash = "sha256:dc685edd2d8742c71ffb238c2c25c17354631ddcfc8e9a105aaf9c228c1a0eb3"},
    {file = "polars-0.20.3-cp38-abi3-win_amd64.whl", hash = "sha256:89e08f669b63017124f1ea197ab4c14730cc5edee32d9bf2bddb2753b2726091"},
    {file = "polars-0.20.3.tar.gz", hash = "sha256:8562bffe602b131036e996e0161d96ea7ba1c004e513e49cbec55debc8b5fada"},
]

[package.extras]
adbc = ["adbc_driver_sqlite"]
all = ["polars[adbc,cloudpickle,connectorx,deltalake,fsspec,gevent,numpy,pandas,plot,pyarrow,pydantic,pyiceberg,sqlalchemy,timezone,xlsx2csv,xlsxwriter]"]
cloudpickle = ["cloudpickle"]
connectorx = ["connectorx (>=0.3.2)"]
deltalake = ["deltalake (>=0.14.0)"]
fsspec = ["fsspec"]
gevent = ["gevent"]
matplotlib = ["matplotlib"]
numpy = ["numpy (>=1.16.0)"]
openpyxl = ["openpyxl (>=3.0.0)"]
pandas = ["pandas", "pyarrow (>=7.0.0)"]
plot = ["hvplot (>=0.9.1)"]
pyarrow = ["pyarrow (>=7.0.0)"]
pydantic = ["pydantic"]
pyiceberg = ["pyiceberg (>=0.5.0)"]
pyxlsb = ["pyxlsb (>=1.0)"]
sqlalchemy = ["pandas", "sqlalchemy"]
timezone = ["backports.zoneinfo", "tzdata"]
xlsx2csv = ["xlsx2csv (>=0.8.0)"]
xlsxwriter = ["xlsxwriter"]

[metadata]
lock-version = "2.0"
python-versions = "3.12"
content-hash = "6373faf435d7c051b3d8d9a56a3b711390991d828a7858652e911a8679925ec2"
